// !$*UTF8*$!
{
	archiveVersion = 1;
	classes = {
	};
	objectVersion = 56;
	objects = {

/* Begin PBXBuildFile section */
		84206AA22FEA390D00388EFE /* KeychainManager.swift in Sources */ = {isa = PBXBuildFile; fileRef = 84206AA12FEA390D00388EFE /* KeychainManager.swift */; };
		84206AA42FEA3B2800388EFE /* Constants.swift in Sources */ = {isa = PBXBuildFile; fileRef = 84206AA32FEA3B2800388EFE /* Constants.swift */; };
		84206AA72FEA425500388EFE /* NetworkError.swift in Sources */ = {isa = PBXBuildFile; fileRef = 84206AA62FEA425500388EFE /* NetworkError.swift */; };
		84206AA92FEA437100388EFE /* NetworkManager.swift in Sources */ = {isa = PBXBuildFile; fileRef = 84206AA82FEA437100388EFE /* NetworkManager.swift */; };
		84206AAB2FEA446F00388EFE /* APIEndpoint.swift in Sources */ = {isa = PBXBuildFile; fileRef = 84206AAA2FEA446F00388EFE /* APIEndpoint.swift */; };
		84206AAE2FEA45A800388EFE /* SendDolaMessageRequest.swift in Sources */ = {isa = PBXBuildFile; fileRef = 84206AAD2FEA45A800388EFE /* SendDolaMessageRequest.swift */; };
		84206AB02FEA465900388EFE /* SendDolaMessageResponse.swift in Sources */ = {isa = PBXBuildFile; fileRef = 84206AAF2FEA465900388EFE /* SendDolaMessageResponse.swift */; };
		84206AB22FEA470000388EFE /* DolaChatResponse.swift in Sources */ = {isa = PBXBuildFile; fileRef = 84206AB12FEA470000388EFE /* DolaChatResponse.swift */; };
		84206AB42FEA47BB00388EFE /* DolaMessageResponse.swift in Sources */ = {isa = PBXBuildFile; fileRef = 84206AB32FEA47BB00388EFE /* DolaMessageResponse.swift */; };
		84206AB62FEA511100388EFE /* ChatService.swift in Sources */ = {isa = PBXBuildFile; fileRef = 84206AB52FEA511100388EFE /* ChatService.swift */; };
		84206ABB2FEA5BD200388EFE /* AppCoordinator.swift in Sources */ = {isa = PBXBuildFile; fileRef = 84206ABA2FEA5BD200388EFE /* AppCoordinator.swift */; };
		84206ABD2FEA5D4500388EFE /* MainCoordinator.swift in Sources */ = {isa = PBXBuildFile; fileRef = 84206ABC2FEA5D4500388EFE /* MainCoordinator.swift */; };
		84206AC32FEA5E2800388EFE /* VideoViewController.swift in Sources */ = {isa = PBXBuildFile; fileRef = 84206AC22FEA5E2700388EFE /* VideoViewController.swift */; };
		84206AC52FEA648B00388EFE /* MainViewController.swift in Sources */ = {isa = PBXBuildFile; fileRef = 84206AC42FEA648B00388EFE /* MainViewController.swift */; };
		84206AC72FEA680E00388EFE /* MainPresenter.swift in Sources */ = {isa = PBXBuildFile; fileRef = 84206AC62FEA680E00388EFE /* MainPresenter.swift */; };
		848EFF902FE96893006ECFA7 /* AppDelegate.swift in Sources */ = {isa = PBXBuildFile; fileRef = 848EFF8F2FE96893006ECFA7 /* AppDelegate.swift */; };
		848EFF922FE96893006ECFA7 /* SceneDelegate.swift in Sources */ = {isa = PBXBuildFile; fileRef = 848EFF912FE96893006ECFA7 /* SceneDelegate.swift */; };
		848EFF942FE96893006ECFA7 /* ChatViewController.swift in Sources */ = {isa = PBXBuildFile; fileRef = 848EFF932FE96893006ECFA7 /* ChatViewController.swift */; };
		848EFF992FE96898006ECFA7 /* Assets.xcassets in Resources */ = {isa = PBXBuildFile; fileRef = 848EFF982FE96898006ECFA7 /* Assets.xcassets */; };
		848EFF9C2FE96898006ECFA7 /* LaunchScreen.storyboard in Resources */ = {isa = PBXBuildFile; fileRef = 848EFF9A2FE96898006ECFA7 /* LaunchScreen.storyboard */; };
/* End PBXBuildFile section */

/* Begin PBXFileReference section */
		84206AA12FEA390D00388EFE /* KeychainManager.swift */ = {isa = PBXFileReference; lastKnownFileType = sourcecode.swift; path = KeychainManager.swift; sourceTree = "<group>"; };
		84206AA32FEA3B2800388EFE /* Constants.swift */ = {isa = PBXFileReference; lastKnownFileType = sourcecode.swift; path = Constants.swift; sourceTree = "<group>"; };
		84206AA52FEA3DFC00388EFE /* Secrets.xcconfig */ = {isa = PBXFileReference; lastKnownFileType = text.xcconfig; path = Secrets.xcconfig; sourceTree = "<group>"; };
		84206AA62FEA425500388EFE /* NetworkError.swift */ = {isa = PBXFileReference; lastKnownFileType = sourcecode.swift; path = NetworkError.swift; sourceTree = "<group>"; };
		84206AA82FEA437100388EFE /* NetworkManager.swift */ = {isa = PBXFileReference; lastKnownFileType = sourcecode.swift; path = NetworkManager.swift; sourceTree = "<group>"; };
		84206AAA2FEA446F00388EFE /* APIEndpoint.swift */ = {isa = PBXFileReference; lastKnownFileType = sourcecode.swift; path = APIEndpoint.swift; sourceTree = "<group>"; };
		84206AAD2FEA45A800388EFE /* SendDolaMessageRequest.swift */ = {isa = PBXFileReference; lastKnownFileType = sourcecode.swift; path = SendDolaMessageRequest.swift; sourceTree = "<group>"; };
		84206AAF2FEA465900388EFE /* SendDolaMessageResponse.swift */ = {isa = PBXFileReference; lastKnownFileType = sourcecode.swift; path = SendDolaMessageResponse.swift; sourceTree = "<group>"; };
		84206AB12FEA470000388EFE /* DolaChatResponse.swift */ = {isa = PBXFileReference; lastKnownFileType = sourcecode.swift; path = DolaChatResponse.swift; sourceTree = "<group>"; };
		84206AB32FEA47BB00388EFE /* DolaMessageResponse.swift */ = {isa = PBXFileReference; lastKnownFileType = sourcecode.swift; path = DolaMessageResponse.swift; sourceTree = "<group>"; };
		84206AB52FEA511100388EFE /* ChatService.swift */ = {isa = PBXFileReference; lastKnownFileType = sourcecode.swift; path = ChatService.swift; sourceTree = "<group>"; };
		84206ABA2FEA5BD200388EFE /* AppCoordinator.swift */ = {isa = PBXFileReference; lastKnownFileType = sourcecode.swift; path = AppCoordinator.swift; sourceTree = "<group>"; };
		84206ABC2FEA5D4500388EFE /* MainCoordinator.swift */ = {isa = PBXFileReference; lastKnownFileType = sourcecode.swift; path = MainCoordinator.swift; sourceTree = "<group>"; };
		84206AC22FEA5E2700388EFE /* VideoViewController.swift */ = {isa = PBXFileReference; lastKnownFileType = sourcecode.swift; path = VideoViewController.swift; sourceTree = "<group>"; };
		84206AC42FEA648B00388EFE /* MainViewController.swift */ = {isa = PBXFileReference; lastKnownFileType = sourcecode.swift; path = MainViewController.swift; sourceTree = "<group>"; };
		84206AC62FEA680E00388EFE /* MainPresenter.swift */ = {isa = PBXFileReference; lastKnownFileType = sourcecode.swift; path = MainPresenter.swift; sourceTree = "<group>"; };
		848EFF8C2FE96893006ECFA7 /* Ai.app */ = {isa = PBXFileReference; explicitFileType = wrapper.application; includeInIndex = 0; path = Ai.app; sourceTree = BUILT_PRODUCTS_DIR; };
		848EFF8F2FE96893006ECFA7 /* AppDelegate.swift */ = {isa = PBXFileReference; lastKnownFileType = sourcecode.swift; path = AppDelegate.swift; sourceTree = "<group>"; };
		848EFF912FE96893006ECFA7 /* SceneDelegate.swift */ = {isa = PBXFileReference; lastKnownFileType = sourcecode.swift; path = SceneDelegate.swift; sourceTree = "<group>"; };
		848EFF932FE96893006ECFA7 /* ChatViewController.swift */ = {isa = PBXFileReference; lastKnownFileType = sourcecode.swift; path = ChatViewController.swift; sourceTree = "<group>"; };
		848EFF982FE96898006ECFA7 /* Assets.xcassets */ = {isa = PBXFileReference; lastKnownFileType = folder.assetcatalog; path = Assets.xcassets; sourceTree = "<group>"; };
		848EFF9B2FE96898006ECFA7 /* Base */ = {isa = PBXFileReference; lastKnownFileType = file.storyboard; name = Base; path = Base.lproj/LaunchScreen.storyboard; sourceTree = "<group>"; };
		848EFF9D2FE96898006ECFA7 /* Info.plist */ = {isa = PBXFileReference; lastKnownFileType = text.plist.xml; path = Info.plist; sourceTree = "<group>"; };
/* End PBXFileReference section */

/* Begin PBXFrameworksBuildPhase section */
		848EFF892FE96893006ECFA7 /* Frameworks */ = {
			isa = PBXFrameworksBuildPhase;
			buildActionMask = 2147483647;
			files = (
			);
			runOnlyForDeploymentPostprocessing = 0;
		};
/* End PBXFrameworksBuildPhase section */

/* Begin PBXGroup section */
		84206AAC2FEA457600388EFE /* Network */ = {
			isa = PBXGroup;
			children = (
				84206AAA2FEA446F00388EFE /* APIEndpoint.swift */,
				84206AA62FEA425500388EFE /* NetworkError.swift */,
				84206AA82FEA437100388EFE /* NetworkManager.swift */,
				84206AB82FEA55EC00388EFE /* Models */,
			);
			path = Network;
			sourceTree = "<group>";
		};
		84206AB72FEA55C700388EFE /* Keychain */ = {
			isa = PBXGroup;
			children = (
				84206AA12FEA390D00388EFE /* KeychainManager.swift */,
			);
			path = Keychain;
			sourceTree = "<group>";
		};
		84206AB82FEA55EC00388EFE /* Models */ = {
			isa = PBXGroup;
			children = (
				84206AAD2FEA45A800388EFE /* SendDolaMessageRequest.swift */,
				84206AAF2FEA465900388EFE /* SendDolaMessageResponse.swift */,
				84206AB12FEA470000388EFE /* DolaChatResponse.swift */,
				84206AB32FEA47BB00388EFE /* DolaMessageResponse.swift */,
			);
			path = Models;
			sourceTree = "<group>";
		};
		84206AB92FEA560100388EFE /* Services */ = {
			isa = PBXGroup;
			children = (
				84206AB52FEA511100388EFE /* ChatService.swift */,
			);
			path = Services;
			sourceTree = "<group>";
		};
		84206AC82FEA773E00388EFE /* Main */ = {
			isa = PBXGroup;
			children = (
				84206AC92FEA774900388EFE /* Views */,
				84206ACA2FEA776600388EFE /* Presenters */,
			);
			path = Main;
			sourceTree = "<group>";
		};
		84206AC92FEA774900388EFE /* Views */ = {
			isa = PBXGroup;
			children = (
				84206AC42FEA648B00388EFE /* MainViewController.swift */,
			);
			path = Views;
			sourceTree = "<group>";
		};
		84206ACA2FEA776600388EFE /* Presenters */ = {
			isa = PBXGroup;
			children = (
				84206AC62FEA680E00388EFE /* MainPresenter.swift */,
			);
			path = Presenters;
			sourceTree = "<group>";
		};
		84206ACB2FEA777E00388EFE /* Views */ = {
			isa = PBXGroup;
			children = (
				848EFF932FE96893006ECFA7 /* ChatViewController.swift */,
			);
			path = Views;
			sourceTree = "<group>";
		};
		84206ACC2FEA778700388EFE /* Views */ = {
			isa = PBXGroup;
			children = (
				84206AC22FEA5E2700388EFE /* VideoViewController.swift */,
			);
			path = Views;
			sourceTree = "<group>";
		};
		848EFF832FE96893006ECFA7 = {
			isa = PBXGroup;
			children = (
				848EFF8E2FE96893006ECFA7 /* Ai */,
				848EFF8D2FE96893006ECFA7 /* Products */,
			);
			sourceTree = "<group>";
		};
		848EFF8D2FE96893006ECFA7 /* Products */ = {
			isa = PBXGroup;
			children = (
				848EFF8C2FE96893006ECFA7 /* Ai.app */,
			);
			name = Products;
			sourceTree = "<group>";
		};
		848EFF8E2FE96893006ECFA7 /* Ai */ = {
			isa = PBXGroup;
			children = (
				848EFFA32FE96CB9006ECFA7 /* Applications */,
				848EFFA42FE96CE5006ECFA7 /* Core */,
				84206AB92FEA560100388EFE /* Services */,
				848EFFA52FE96D19006ECFA7 /* Coordinators */,
				848EFFA62FE96D23006ECFA7 /* Modules */,
				848EFFA92FE96D4C006ECFA7 /* Common */,
				848EFFAC2FE96D84006ECFA7 /* Resources */,
				848EFF9D2FE96898006ECFA7 /* Info.plist */,
			);
			path = Ai;
			sourceTree = "<group>";
		};
		848EFFA32FE96CB9006ECFA7 /* Applications */ = {
			isa = PBXGroup;
			children = (
				848EFF8F2FE96893006ECFA7 /* AppDelegate.swift */,
				848EFF912FE96893006ECFA7 /* SceneDelegate.swift */,
			);
			path = Applications;
			sourceTree = "<group>";
		};
		848EFFA42FE96CE5006ECFA7 /* Core */ = {
			isa = PBXGroup;
			children = (
				84206AA52FEA3DFC00388EFE /* Secrets.xcconfig */,
				84206AA32FEA3B2800388EFE /* Constants.swift */,
				84206AB72FEA55C700388EFE /* Keychain */,
				84206AAC2FEA457600388EFE /* Network */,
			);
			path = Core;
			sourceTree = "<group>";
		};
		848EFFA52FE96D19006ECFA7 /* Coordinators */ = {
			isa = PBXGroup;
			children = (
				84206ABA2FEA5BD200388EFE /* AppCoordinator.swift */,
				84206ABC2FEA5D4500388EFE /* MainCoordinator.swift */,
			);
			path = Coordinators;
			sourceTree = "<group>";
		};
		848EFFA62FE96D23006ECFA7 /* Modules */ = {
			isa = PBXGroup;
			children = (
				84206AC82FEA773E00388EFE /* Main */,
				848EFFA72FE96D2D006ECFA7 /* Chat */,
				848EFFA82FE96D3E006ECFA7 /* Video */,
			);
			path = Modules;
			sourceTree = "<group>";
		};
		848EFFA72FE96D2D006ECFA7 /* Chat */ = {
			isa = PBXGroup;
			children = (
				84206ACB2FEA777E00388EFE /* Views */,
			);
			path = Chat;
			sourceTree = "<group>";
		};
		848EFFA82FE96D3E006ECFA7 /* Video */ = {
			isa = PBXGroup;
			children = (
				84206ACC2FEA778700388EFE /* Views */,
			);
			path = Video;
			sourceTree = "<group>";
		};
		848EFFA92FE96D4C006ECFA7 /* Common */ = {
			isa = PBXGroup;
			children = (
				848EFFAA2FE96D53006ECFA7 /* Views */,
			);
			path = Common;
			sourceTree = "<group>";
		};
		848EFFAA2FE96D53006ECFA7 /* Views */ = {
			isa = PBXGroup;
			children = (
			);
			path = Views;
			sourceTree = "<group>";
		};
		848EFFAC2FE96D84006ECFA7 /* Resources */ = {
			isa = PBXGroup;
			children = (
				848EFF982FE96898006ECFA7 /* Assets.xcassets */,
				848EFF9A2FE96898006ECFA7 /* LaunchScreen.storyboard */,
			);
			path = Resources;
			sourceTree = "<group>";
		};
/* End PBXGroup section */

/* Begin PBXNativeTarget section */
		848EFF8B2FE96893006ECFA7 /* Ai */ = {
			isa = PBXNativeTarget;
			buildConfigurationList = 848EFFA02FE96898006ECFA7 /* Build configuration list for PBXNativeTarget "Ai" */;
			buildPhases = (
				848EFF882FE96893006ECFA7 /* Sources */,
				848EFF892FE96893006ECFA7 /* Frameworks */,
				848EFF8A2FE96893006ECFA7 /* Resources */,
			);
			buildRules = (
			);
			dependencies = (
			);
			name = Ai;
			productName = Ai;
			productReference = 848EFF8C2FE96893006ECFA7 /* Ai.app */;
			productType = "com.apple.product-type.application";
		};
/* End PBXNativeTarget section */

/* Begin PBXProject section */
		848EFF842FE96893006ECFA7 /* Project object */ = {
			isa = PBXProject;
			attributes = {
				BuildIndependentTargetsInParallel = 1;
				LastSwiftUpdateCheck = 1520;
				LastUpgradeCheck = 1520;
				TargetAttributes = {
					848EFF8B2FE96893006ECFA7 = {
						CreatedOnToolsVersion = 15.2;
					};
				};
			};
			buildConfigurationList = 848EFF872FE96893006ECFA7 /* Build configuration list for PBXProject "Ai" */;
			compatibilityVersion = "Xcode 14.0";
			developmentRegion = en;
			hasScannedForEncodings = 0;
			knownRegions = (
				en,
				Base,
			);
			mainGroup = 848EFF832FE96893006ECFA7;
			productRefGroup = 848EFF8D2FE96893006ECFA7 /* Products */;
			projectDirPath = "";
			projectRoot = "";
			targets = (
				848EFF8B2FE96893006ECFA7 /* Ai */,
			);
		};
/* End PBXProject section */

/* Begin PBXResourcesBuildPhase section */
		848EFF8A2FE96893006ECFA7 /* Resources */ = {
			isa = PBXResourcesBuildPhase;
			buildActionMask = 2147483647;
			files = (
				848EFF9C2FE96898006ECFA7 /* LaunchScreen.storyboard in Resources */,
				848EFF992FE96898006ECFA7 /* Assets.xcassets in Resources */,
			);
			runOnlyForDeploymentPostprocessing = 0;
		};
/* End PBXResourcesBuildPhase section */

/* Begin PBXSourcesBuildPhase section */
		848EFF882FE96893006ECFA7 /* Sources */ = {
			isa = PBXSourcesBuildPhase;
			buildActionMask = 2147483647;
			files = (
				84206AB02FEA465900388EFE /* SendDolaMessageResponse.swift in Sources */,
				84206AA42FEA3B2800388EFE /* Constants.swift in Sources */,
				848EFF942FE96893006ECFA7 /* ChatViewController.swift in Sources */,
				84206AC72FEA680E00388EFE /* MainPresenter.swift in Sources */,
				848EFF902FE96893006ECFA7 /* AppDelegate.swift in Sources */,
				84206AB62FEA511100388EFE /* ChatService.swift in Sources */,
				84206AA92FEA437100388EFE /* NetworkManager.swift in Sources */,
				84206ABB2FEA5BD200388EFE /* AppCoordinator.swift in Sources */,
				84206AAE2FEA45A800388EFE /* SendDolaMessageRequest.swift in Sources */,
				84206AC32FEA5E2800388EFE /* VideoViewController.swift in Sources */,
				84206AA72FEA425500388EFE /* NetworkError.swift in Sources */,
				848EFF922FE96893006ECFA7 /* SceneDelegate.swift in Sources */,
				84206AB42FEA47BB00388EFE /* DolaMessageResponse.swift in Sources */,
				84206ABD2FEA5D4500388EFE /* MainCoordinator.swift in Sources */,
				84206AA22FEA390D00388EFE /* KeychainManager.swift in Sources */,
				84206AC52FEA648B00388EFE /* MainViewController.swift in Sources */,
				84206AB22FEA470000388EFE /* DolaChatResponse.swift in Sources */,
				84206AAB2FEA446F00388EFE /* APIEndpoint.swift in Sources */,
			);
			runOnlyForDeploymentPostprocessing = 0;
		};
/* End PBXSourcesBuildPhase section */

/* Begin PBXVariantGroup section */
		848EFF9A2FE96898006ECFA7 /* LaunchScreen.storyboard */ = {
			isa = PBXVariantGroup;
			children = (
				848EFF9B2FE96898006ECFA7 /* Base */,
			);
			name = LaunchScreen.storyboard;
			sourceTree = "<group>";
		};
/* End PBXVariantGroup section */

/* Begin XCBuildConfiguration section */
		848EFF9E2FE96898006ECFA7 /* Debug */ = {
			isa = XCBuildConfiguration;
			baseConfigurationReference = 84206AA52FEA3DFC00388EFE /* Secrets.xcconfig */;
			buildSettings = {
				ALWAYS_SEARCH_USER_PATHS = NO;
				ASSETCATALOG_COMPILER_GENERATE_SWIFT_ASSET_SYMBOL_EXTENSIONS = YES;
				CLANG_ANALYZER_NONNULL = YES;
				CLANG_ANALYZER_NUMBER_OBJECT_CONVERSION = YES_AGGRESSIVE;
				CLANG_CXX_LANGUAGE_STANDARD = "gnu++20";
				CLANG_ENABLE_MODULES = YES;
				CLANG_ENABLE_OBJC_ARC = YES;
				CLANG_ENABLE_OBJC_WEAK = YES;
				CLANG_WARN_BLOCK_CAPTURE_AUTORELEASING = YES;
				CLANG_WARN_BOOL_CONVERSION = YES;
				CLANG_WARN_COMMA = YES;
				CLANG_WARN_CONSTANT_CONVERSION = YES;
				CLANG_WARN_DEPRECATED_OBJC_IMPLEMENTATIONS = YES;
				CLANG_WARN_DIRECT_OBJC_ISA_USAGE = YES_ERROR;
				CLANG_WARN_DOCUMENTATION_COMMENTS = YES;
				CLANG_WARN_EMPTY_BODY = YES;
				CLANG_WARN_ENUM_CONVERSION = YES;
				CLANG_WARN_INFINITE_RECURSION = YES;
				CLANG_WARN_INT_CONVERSION = YES;
				CLANG_WARN_NON_LITERAL_NULL_CONVERSION = YES;
				CLANG_WARN_OBJC_IMPLICIT_RETAIN_SELF = YES;
				CLANG_WARN_OBJC_LITERAL_CONVERSION = YES;
				CLANG_WARN_OBJC_ROOT_CLASS = YES_ERROR;
				CLANG_WARN_QUOTED_INCLUDE_IN_FRAMEWORK_HEADER = YES;
				CLANG_WARN_RANGE_LOOP_ANALYSIS = YES;
				CLANG_WARN_STRICT_PROTOTYPES = YES;
				CLANG_WARN_SUSPICIOUS_MOVE = YES;
				CLANG_WARN_UNGUARDED_AVAILABILITY = YES_AGGRESSIVE;
				CLANG_WARN_UNREACHABLE_CODE = YES;
				CLANG_WARN__DUPLICATE_METHOD_MATCH = YES;
				COPY_PHASE_STRIP = NO;
				DEBUG_INFORMATION_FORMAT = dwarf;
				ENABLE_STRICT_OBJC_MSGSEND = YES;
				ENABLE_TESTABILITY = YES;
				ENABLE_USER_SCRIPT_SANDBOXING = YES;
				GCC_C_LANGUAGE_STANDARD = gnu17;
				GCC_DYNAMIC_NO_PIC = NO;
				GCC_NO_COMMON_BLOCKS = YES;
				GCC_OPTIMIZATION_LEVEL = 0;
				GCC_PREPROCESSOR_DEFINITIONS = (
					"DEBUG=1",
					"$(inherited)",
				);
				GCC_WARN_64_TO_32_BIT_CONVERSION = YES;
				GCC_WARN_ABOUT_RETURN_TYPE = YES_ERROR;
				GCC_WARN_UNDECLARED_SELECTOR = YES;
				GCC_WARN_UNINITIALIZED_AUTOS = YES_AGGRESSIVE;
				GCC_WARN_UNUSED_FUNCTION = YES;
				GCC_WARN_UNUSED_VARIABLE = YES;
				IPHONEOS_DEPLOYMENT_TARGET = 17.2;
				LOCALIZATION_PREFERS_STRING_CATALOGS = YES;
				MTL_ENABLE_DEBUG_INFO = INCLUDE_SOURCE;
				MTL_FAST_MATH = YES;
				ONLY_ACTIVE_ARCH = YES;
				SDKROOT = iphoneos;
				SWIFT_ACTIVE_COMPILATION_CONDITIONS = "DEBUG $(inherited)";
				SWIFT_OPTIMIZATION_LEVEL = "-Onone";
			};
			name = Debug;
		};
		848EFF9F2FE96898006ECFA7 /* Release */ = {
			isa = XCBuildConfiguration;
			baseConfigurationReference = 84206AA52FEA3DFC00388EFE /* Secrets.xcconfig */;
			buildSettings = {
				ALWAYS_SEARCH_USER_PATHS = NO;
				ASSETCATALOG_COMPILER_GENERATE_SWIFT_ASSET_SYMBOL_EXTENSIONS = YES;
				CLANG_ANALYZER_NONNULL = YES;
				CLANG_ANALYZER_NUMBER_OBJECT_CONVERSION = YES_AGGRESSIVE;
				CLANG_CXX_LANGUAGE_STANDARD = "gnu++20";
				CLANG_ENABLE_MODULES = YES;
				CLANG_ENABLE_OBJC_ARC = YES;
				CLANG_ENABLE_OBJC_WEAK = YES;
				CLANG_WARN_BLOCK_CAPTURE_AUTORELEASING = YES;
				CLANG_WARN_BOOL_CONVERSION = YES;
				CLANG_WARN_COMMA = YES;
				CLANG_WARN_CONSTANT_CONVERSION = YES;
				CLANG_WARN_DEPRECATED_OBJC_IMPLEMENTATIONS = YES;
				CLANG_WARN_DIRECT_OBJC_ISA_USAGE = YES_ERROR;
				CLANG_WARN_DOCUMENTATION_COMMENTS = YES;
				CLANG_WARN_EMPTY_BODY = YES;
				CLANG_WARN_ENUM_CONVERSION = YES;
				CLANG_WARN_INFINITE_RECURSION = YES;
				CLANG_WARN_INT_CONVERSION = YES;
				CLANG_WARN_NON_LITERAL_NULL_CONVERSION = YES;
				CLANG_WARN_OBJC_IMPLICIT_RETAIN_SELF = YES;
				CLANG_WARN_OBJC_LITERAL_CONVERSION = YES;
				CLANG_WARN_OBJC_ROOT_CLASS = YES_ERROR;
				CLANG_WARN_QUOTED_INCLUDE_IN_FRAMEWORK_HEADER = YES;
				CLANG_WARN_RANGE_LOOP_ANALYSIS = YES;
				CLANG_WARN_STRICT_PROTOTYPES = YES;
				CLANG_WARN_SUSPICIOUS_MOVE = YES;
				CLANG_WARN_UNGUARDED_AVAILABILITY = YES_AGGRESSIVE;
				CLANG_WARN_UNREACHABLE_CODE = YES;
				CLANG_WARN__DUPLICATE_METHOD_MATCH = YES;
				COPY_PHASE_STRIP = NO;
				DEBUG_INFORMATION_FORMAT = "dwarf-with-dsym";
				ENABLE_NS_ASSERTIONS = NO;
				ENABLE_STRICT_OBJC_MSGSEND = YES;
				ENABLE_USER_SCRIPT_SANDBOXING = YES;
				GCC_C_LANGUAGE_STANDARD = gnu17;
				GCC_NO_COMMON_BLOCKS = YES;
				GCC_WARN_64_TO_32_BIT_CONVERSION = YES;
				GCC_WARN_ABOUT_RETURN_TYPE = YES_ERROR;
				GCC_WARN_UNDECLARED_SELECTOR = YES;
				GCC_WARN_UNINITIALIZED_AUTOS = YES_AGGRESSIVE;
				GCC_WARN_UNUSED_FUNCTION = YES;
				GCC_WARN_UNUSED_VARIABLE = YES;
				IPHONEOS_DEPLOYMENT_TARGET = 17.2;
				LOCALIZATION_PREFERS_STRING_CATALOGS = YES;
				MTL_ENABLE_DEBUG_INFO = NO;
				MTL_FAST_MATH = YES;
				SDKROOT = iphoneos;
				SWIFT_COMPILATION_MODE = wholemodule;
				VALIDATE_PRODUCT = YES;
			};
			name = Release;
		};
		848EFFA12FE96898006ECFA7 /* Debug */ = {
			isa = XCBuildConfiguration;
			baseConfigurationReference = 84206AA52FEA3DFC00388EFE /* Secrets.xcconfig */;
			buildSettings = {
				ASSETCATALOG_COMPILER_APPICON_NAME = AppIcon;
				ASSETCATALOG_COMPILER_GLOBAL_ACCENT_COLOR_NAME = AccentColor;
				CODE_SIGN_STYLE = Automatic;
				CURRENT_PROJECT_VERSION = 1;
				DEVELOPMENT_TEAM = HG22Y54574;
				GENERATE_INFOPLIST_FILE = YES;
				INFOPLIST_FILE = Ai/Info.plist;
				INFOPLIST_KEY_UIApplicationSupportsIndirectInputEvents = YES;
				INFOPLIST_KEY_UILaunchStoryboardName = LaunchScreen;
				INFOPLIST_KEY_UISupportedInterfaceOrientations = "UIInterfaceOrientationLandscapeLeft UIInterfaceOrientationLandscapeRight UIInterfaceOrientationPortrait";
				INFOPLIST_KEY_UISupportedInterfaceOrientations_iPad = "UIInterfaceOrientationLandscapeLeft UIInterfaceOrientationLandscapeRight UIInterfaceOrientationPortrait UIInterfaceOrientationPortraitUpsideDown";
				IPHONEOS_DEPLOYMENT_TARGET = 17.2;
				LD_RUNPATH_SEARCH_PATHS = (
					"$(inherited)",
					"@executable_path/Frameworks",
				);
				MARKETING_VERSION = 1.0;
				PRODUCT_BUNDLE_IDENTIFIER = AnnaSozontova.Ai;
				PRODUCT_NAME = "$(TARGET_NAME)";
				SUPPORTED_PLATFORMS = "iphoneos iphonesimulator";
				SUPPORTS_MACCATALYST = NO;
				SUPPORTS_MAC_DESIGNED_FOR_IPHONE_IPAD = NO;
				SUPPORTS_XR_DESIGNED_FOR_IPHONE_IPAD = NO;
				SWIFT_EMIT_LOC_STRINGS = YES;
				SWIFT_VERSION = 5.0;
				TARGETED_DEVICE_FAMILY = 1;
			};
			name = Debug;
		};
		848EFFA22FE96898006ECFA7 /* Release */ = {
			isa = XCBuildConfiguration;
			baseConfigurationReference = 84206AA52FEA3DFC00388EFE /* Secrets.xcconfig */;
			buildSettings = {
				ASSETCATALOG_COMPILER_APPICON_NAME = AppIcon;
				ASSETCATALOG_COMPILER_GLOBAL_ACCENT_COLOR_NAME = AccentColor;
				CODE_SIGN_STYLE = Automatic;
				CURRENT_PROJECT_VERSION = 1;
				DEVELOPMENT_TEAM = HG22Y54574;
				GENERATE_INFOPLIST_FILE = YES;
				INFOPLIST_FILE = Ai/Info.plist;
				INFOPLIST_KEY_UIApplicationSupportsIndirectInputEvents = YES;
				INFOPLIST_KEY_UILaunchStoryboardName = LaunchScreen;
				INFOPLIST_KEY_UISupportedInterfaceOrientations = "UIInterfaceOrientationLandscapeLeft UIInterfaceOrientationLandscapeRight UIInterfaceOrientationPortrait";
				INFOPLIST_KEY_UISupportedInterfaceOrientations_iPad = "UIInterfaceOrientationLandscapeLeft UIInterfaceOrientationLandscapeRight UIInterfaceOrientationPortrait UIInterfaceOrientationPortraitUpsideDown";
				IPHONEOS_DEPLOYMENT_TARGET = 17.2;
				LD_RUNPATH_SEARCH_PATHS = (
					"$(inherited)",
					"@executable_path/Frameworks",
				);
				MARKETING_VERSION = 1.0;
				PRODUCT_BUNDLE_IDENTIFIER = AnnaSozontova.Ai;
				PRODUCT_NAME = "$(TARGET_NAME)";
				SUPPORTED_PLATFORMS = "iphoneos iphonesimulator";
				SUPPORTS_MACCATALYST = NO;
				SUPPORTS_MAC_DESIGNED_FOR_IPHONE_IPAD = NO;
				SUPPORTS_XR_DESIGNED_FOR_IPHONE_IPAD = NO;
				SWIFT_EMIT_LOC_STRINGS = YES;
				SWIFT_VERSION = 5.0;
				TARGETED_DEVICE_FAMILY = 1;
			};
			name = Release;
		};
/* End XCBuildConfiguration section */

/* Begin XCConfigurationList section */
		848EFF872FE96893006ECFA7 /* Build configuration list for PBXProject "Ai" */ = {
			isa = XCConfigurationList;
			buildConfigurations = (
				848EFF9E2FE96898006ECFA7 /* Debug */,
				848EFF9F2FE96898006ECFA7 /* Release */,
			);
			defaultConfigurationIsVisible = 0;
			defaultConfigurationName = Release;
		};
		848EFFA02FE96898006ECFA7 /* Build configuration list for PBXNativeTarget "Ai" */ = {
			isa = XCConfigurationList;
			buildConfigurations = (
				848EFFA12FE96898006ECFA7 /* Debug */,
				848EFFA22FE96898006ECFA7 /* Release */,
			);
			defaultConfigurationIsVisible = 0;
			defaultConfigurationName = Release;
		};
/* End XCConfigurationList section */
	};
	rootObject = 848EFF842FE96893006ECFA7 /* Project object */;
}
